
Microsoft Visual Studio Solution File, Format Version 12.00
# Visual Studio Version 17
VisualStudioVersion = 17.10.35027.167
MinimumVisualStudioVersion = 10.0.40219.1
Project("{FAE04EC0-301F-11D3-BF4B-00C04F79EFBC}") = "ArcaneRPChatBlocker", "ArcaneRPChatBlocker.csproj", "{2F77C631-5EC8-4AAC-AD2C-DB8B86867193}"
EndProject
Global
	GlobalSection(SolutionConfigurationPlatforms) = preSolution
		Debug|Any CPU = Debug|Any CPU
		Release|Any CPU = Release|Any CPU
	EndGlobalSection
	GlobalSection(ProjectConfigurationPlatforms) = postSolution
		{2F77C631-5EC8-4AAC-AD2C-DB8B86867193}.Debug|Any CPU.ActiveCfg = Debug|Any CPU
		{2F77C631-5EC8-4AAC-AD2C-DB8B86867193}.Debug|Any CPU.Build.0 = Debug|Any CPU
		{2F77C631-5EC8-4AAC-AD2C-DB8B86867193}.Release|Any CPU.ActiveCfg = Release|Any CPU
		{2F77C631-5EC8-4AAC-AD2C-DB8B86867193}.Release|Any CPU.Build.0 = Release|Any CPU
	EndGlobalSection
	GlobalSection(SolutionProperties) = preSolution
		HideSolutionNode = FALSE
	EndGlobalSection
	GlobalSection(ExtensibilityGlobals) = postSolution
		SolutionGuid = {819AE564-ACD1-4136-857C-7BA3DD0659FE}
	EndGlobalSection
EndGlobal
